// !$*UTF8*$!
{
	archiveVersion = 1;
	classes = {
	};
	objectVersion = 46;
	objects = {

/* Begin PBXBuildFile section */
		3B1712671E20A50600682E89 /* PayloadTraceLogFormatter.swift in Sources */ = {isa = PBXBuildFile; fileRef = 3B1712661E20A50600682E89 /* PayloadTraceLogFormatter.swift */; };
		3B1712691E20A66000682E89 /* PayloadMessageLogFormatter.swift in Sources */ = {isa = PBXBuildFile; fileRef = 3B1712681E20A66000682E89 /* PayloadMessageLogFormatter.swift */; };
		3B17126B1E20A7AB00682E89 /* PayloadValueLogFormatter.swift in Sources */ = {isa = PBXBuildFile; fileRef = 3B17126A1E20A7AB00682E89 /* PayloadValueLogFormatter.swift */; };
		3B25B1191E3EF7FA001FD668 /* LogEntryTests.swift in Sources */ = {isa = PBXBuildFile; fileRef = 3B25B1171E3EF7FA001FD668 /* LogEntryTests.swift */; };
		3B25B11A1E3EF7FA001FD668 /* LogSeverityComparisonTests.swift in Sources */ = {isa = PBXBuildFile; fileRef = 3B25B1181E3EF7FA001FD668 /* LogSeverityComparisonTests.swift */; };
		3B2811471E1D63D300878EC2 /* OutputStreamLogRecorder.swift in Sources */ = {isa = PBXBuildFile; fileRef = 3B2811461E1D63D300878EC2 /* OutputStreamLogRecorder.swift */; };
		3B2811491E1D65E100878EC2 /* StandardErrorLogRecorder.swift in Sources */ = {isa = PBXBuildFile; fileRef = 3B2811481E1D65E100878EC2 /* StandardErrorLogRecorder.swift */; };
		3B28114B1E1D66D700878EC2 /* StandardStreamsLogRecorder.swift in Sources */ = {isa = PBXBuildFile; fileRef = 3B28114A1E1D66D700878EC2 /* StandardStreamsLogRecorder.swift */; };
		3B2AFD551E562EEB00C115F7 /* BufferedLogRecorder.swift in Sources */ = {isa = PBXBuildFile; fileRef = 3B2AFD541E562EEB00C115F7 /* BufferedLogRecorder.swift */; };
		3B2AFD581E579E9500C115F7 /* KeyedMessageBufferExtension.swift in Sources */ = {isa = PBXBuildFile; fileRef = 3B2AFD561E579E7100C115F7 /* KeyedMessageBufferExtension.swift */; };
		3B2AFD5A1E579EEC00C115F7 /* LoggerTestCase.swift in Sources */ = {isa = PBXBuildFile; fileRef = 3B2AFD591E579EEC00C115F7 /* LoggerTestCase.swift */; };
		3B475D271DB47B8A0047D397 /* BasicLogConfiguration.swift in Sources */ = {isa = PBXBuildFile; fileRef = 3B475D001DB47B8A0047D397 /* BasicLogConfiguration.swift */; };
		3B475D281DB47B8A0047D397 /* CallingThreadLogFormatter.swift in Sources */ = {isa = PBXBuildFile; fileRef = 3B475D011DB47B8A0047D397 /* CallingThreadLogFormatter.swift */; };
		3B475D291DB47B8A0047D397 /* CallSiteLogFormatter.swift in Sources */ = {isa = PBXBuildFile; fileRef = 3B475D021DB47B8A0047D397 /* CallSiteLogFormatter.swift */; };
		3B475D2D1DB47B8A0047D397 /* ConcatenatingLogFormatter.swift in Sources */ = {isa = PBXBuildFile; fileRef = 3B475D061DB47B8A0047D397 /* ConcatenatingLogFormatter.swift */; };
		3B475D2F1DB47B8A0047D397 /* DelimiterLogFormatter.swift in Sources */ = {isa = PBXBuildFile; fileRef = 3B475D081DB47B8A0047D397 /* DelimiterLogFormatter.swift */; };
		3B475D301DB47B8A0047D397 /* FieldBasedLogFormatter.swift in Sources */ = {isa = PBXBuildFile; fileRef = 3B475D091DB47B8A0047D397 /* FieldBasedLogFormatter.swift */; };
		3B475D311DB47B8A0047D397 /* FileLogRecorder.swift in Sources */ = {isa = PBXBuildFile; fileRef = 3B475D0A1DB47B8A0047D397 /* FileLogRecorder.swift */; };
		3B475D321DB47B8A0047D397 /* LiteralLogFormatter.swift in Sources */ = {isa = PBXBuildFile; fileRef = 3B475D0B1DB47B8A0047D397 /* LiteralLogFormatter.swift */; };
		3B475D331DB47B8A0047D397 /* Log.swift in Sources */ = {isa = PBXBuildFile; fileRef = 3B475D0C1DB47B8A0047D397 /* Log.swift */; };
		3B475D341DB47B8A0047D397 /* LogChannel.swift in Sources */ = {isa = PBXBuildFile; fileRef = 3B475D0D1DB47B8A0047D397 /* LogChannel.swift */; };
		3B475D351DB47B8A0047D397 /* LogConfiguration.swift in Sources */ = {isa = PBXBuildFile; fileRef = 3B475D0E1DB47B8A0047D397 /* LogConfiguration.swift */; };
		3B475D361DB47B8A0047D397 /* LogEntry.swift in Sources */ = {isa = PBXBuildFile; fileRef = 3B475D0F1DB47B8A0047D397 /* LogEntry.swift */; };
		3B475D371DB47B8A0047D397 /* LogFilter.swift in Sources */ = {isa = PBXBuildFile; fileRef = 3B475D101DB47B8A0047D397 /* LogFilter.swift */; };
		3B475D381DB47B8A0047D397 /* LogFormatter.swift in Sources */ = {isa = PBXBuildFile; fileRef = 3B475D111DB47B8A0047D397 /* LogFormatter.swift */; };
		3B475D391DB47B8A0047D397 /* LogReceptacle.swift in Sources */ = {isa = PBXBuildFile; fileRef = 3B475D121DB47B8A0047D397 /* LogReceptacle.swift */; };
		3B475D3A1DB47B8A0047D397 /* LogRecorder.swift in Sources */ = {isa = PBXBuildFile; fileRef = 3B475D131DB47B8A0047D397 /* LogRecorder.swift */; };
		3B475D3B1DB47B8A0047D397 /* LogRecorderBase.swift in Sources */ = {isa = PBXBuildFile; fileRef = 3B475D141DB47B8A0047D397 /* LogRecorderBase.swift */; };
		3B475D3C1DB47B8A0047D397 /* LogSeverity.swift in Sources */ = {isa = PBXBuildFile; fileRef = 3B475D151DB47B8A0047D397 /* LogSeverity.swift */; };
		3B475D3D1DB47B8A0047D397 /* ParsableLogFormatter.swift in Sources */ = {isa = PBXBuildFile; fileRef = 3B475D161DB47B8A0047D397 /* ParsableLogFormatter.swift */; };
		3B475D3E1DB47B8A0047D397 /* PayloadLogFormatter.swift in Sources */ = {isa = PBXBuildFile; fileRef = 3B475D171DB47B8A0047D397 /* PayloadLogFormatter.swift */; };
		3B475D3F1DB47B8A0047D397 /* ReadableLogFormatter.swift in Sources */ = {isa = PBXBuildFile; fileRef = 3B475D181DB47B8A0047D397 /* ReadableLogFormatter.swift */; };
		3B475D421DB47B8A0047D397 /* RotatingLogFileConfiguration.swift in Sources */ = {isa = PBXBuildFile; fileRef = 3B475D1B1DB47B8A0047D397 /* RotatingLogFileConfiguration.swift */; };
		3B475D431DB47B8A0047D397 /* RotatingLogFileRecorder.swift in Sources */ = {isa = PBXBuildFile; fileRef = 3B475D1C1DB47B8A0047D397 /* RotatingLogFileRecorder.swift */; };
		3B475D441DB47B8A0047D397 /* SeverityLogFormatter.swift in Sources */ = {isa = PBXBuildFile; fileRef = 3B475D1D1DB47B8A0047D397 /* SeverityLogFormatter.swift */; };
		3B475D451DB47B8A0047D397 /* StackFrameLogFormatter.swift in Sources */ = {isa = PBXBuildFile; fileRef = 3B475D1E1DB47B8A0047D397 /* StackFrameLogFormatter.swift */; };
		3B475D461DB47B8A0047D397 /* StandardLogFormatter.swift in Sources */ = {isa = PBXBuildFile; fileRef = 3B475D1F1DB47B8A0047D397 /* StandardLogFormatter.swift */; };
		3B475D471DB47B8A0047D397 /* StandardOutputLogRecorder.swift in Sources */ = {isa = PBXBuildFile; fileRef = 3B475D201DB47B8A0047D397 /* StandardOutputLogRecorder.swift */; };
		3B475D491DB47B8A0047D397 /* TimestampLogFormatter.swift in Sources */ = {isa = PBXBuildFile; fileRef = 3B475D221DB47B8A0047D397 /* TimestampLogFormatter.swift */; };
		3B475D4B1DB47B8A0047D397 /* XcodeLogConfiguration.swift in Sources */ = {isa = PBXBuildFile; fileRef = 3B475D241DB47B8A0047D397 /* XcodeLogConfiguration.swift */; };
		3B475D4C1DB47B8A0047D397 /* XcodeLogFormatter.swift in Sources */ = {isa = PBXBuildFile; fileRef = 3B475D251DB47B8A0047D397 /* XcodeLogFormatter.swift */; };
		3B4EE3501E1AEB3A002A92BC /* OSLogRecorder.swift in Sources */ = {isa = PBXBuildFile; fileRef = 3B4EE34F1E1AEB3A002A92BC /* OSLogRecorder.swift */; };
		3B4EE3521E1AEF49002A92BC /* OSLogTypeTranslator.swift in Sources */ = {isa = PBXBuildFile; fileRef = 3B4EE3511E1AEF49002A92BC /* OSLogTypeTranslator.swift */; };
		3B4EE3561E1BED6D002A92BC /* XcodeTraceLogFormatter.swift in Sources */ = {isa = PBXBuildFile; fileRef = 3B4EE3551E1BED6D002A92BC /* XcodeTraceLogFormatter.swift */; };
		3B4EE3581E1C0404002A92BC /* ConsoleLogConfiguration.swift in Sources */ = {isa = PBXBuildFile; fileRef = 3B4EE3571E1C0404002A92BC /* ConsoleLogConfiguration.swift */; };
		3B4EE35C1E1C2A08002A92BC /* OSLogMimicFormatter.swift in Sources */ = {isa = PBXBuildFile; fileRef = 3B4EE35B1E1C2A08002A92BC /* OSLogMimicFormatter.swift */; };
		3B4EE35E1E1C3DFB002A92BC /* ProcessNameLogFormatter.swift in Sources */ = {isa = PBXBuildFile; fileRef = 3B4EE35D1E1C3DFB002A92BC /* ProcessNameLogFormatter.swift */; };
		3B4EE3601E1C3E84002A92BC /* ProcessIDLogFormatter.swift in Sources */ = {isa = PBXBuildFile; fileRef = 3B4EE35F1E1C3E84002A92BC /* ProcessIDLogFormatter.swift */; };
		3B90590D1DAECB5200B4EEC0 /* CleanroomLogger.framework in Frameworks */ = {isa = PBXBuildFile; fileRef = 3B9059031DAECB5200B4EEC0 /* CleanroomLogger.framework */; };
/* End PBXBuildFile section */

/* Begin PBXContainerItemProxy section */
		3B90590E1DAECB5200B4EEC0 /* PBXContainerItemProxy */ = {
			isa = PBXContainerItemProxy;
			containerPortal = 3B9058FA1DAECB5200B4EEC0 /* Project object */;
			proxyType = 1;
			remoteGlobalIDString = 3B9059021DAECB5200B4EEC0;
			remoteInfo = CleanroomLogger;
		};
/* End PBXContainerItemProxy section */

/* Begin PBXFileReference section */
		3B1712661E20A50600682E89 /* PayloadTraceLogFormatter.swift */ = {isa = PBXFileReference; fileEncoding = 4; lastKnownFileType = sourcecode.swift; path = PayloadTraceLogFormatter.swift; sourceTree = "<group>"; };
		3B1712681E20A66000682E89 /* PayloadMessageLogFormatter.swift */ = {isa = PBXFileReference; fileEncoding = 4; lastKnownFileType = sourcecode.swift; path = PayloadMessageLogFormatter.swift; sourceTree = "<group>"; };
		3B17126A1E20A7AB00682E89 /* PayloadValueLogFormatter.swift */ = {isa = PBXFileReference; fileEncoding = 4; lastKnownFileType = sourcecode.swift; path = PayloadValueLogFormatter.swift; sourceTree = "<group>"; };
		3B25B1171E3EF7FA001FD668 /* LogEntryTests.swift */ = {isa = PBXFileReference; fileEncoding = 4; lastKnownFileType = sourcecode.swift; name = LogEntryTests.swift; path = CleanroomLoggerTests/LogEntryTests.swift; sourceTree = "<group>"; };
		3B25B1181E3EF7FA001FD668 /* LogSeverityComparisonTests.swift */ = {isa = PBXFileReference; fileEncoding = 4; lastKnownFileType = sourcecode.swift; name = LogSeverityComparisonTests.swift; path = CleanroomLoggerTests/LogSeverityComparisonTests.swift; sourceTree = "<group>"; };
		3B2811461E1D63D300878EC2 /* OutputStreamLogRecorder.swift */ = {isa = PBXFileReference; fileEncoding = 4; lastKnownFileType = sourcecode.swift; path = OutputStreamLogRecorder.swift; sourceTree = "<group>"; };
		3B2811481E1D65E100878EC2 /* StandardErrorLogRecorder.swift */ = {isa = PBXFileReference; fileEncoding = 4; lastKnownFileType = sourcecode.swift; path = StandardErrorLogRecorder.swift; sourceTree = "<group>"; };
		3B28114A1E1D66D700878EC2 /* StandardStreamsLogRecorder.swift */ = {isa = PBXFileReference; fileEncoding = 4; lastKnownFileType = sourcecode.swift; path = StandardStreamsLogRecorder.swift; sourceTree = "<group>"; };
		3B2AFD541E562EEB00C115F7 /* BufferedLogRecorder.swift */ = {isa = PBXFileReference; fileEncoding = 4; lastKnownFileType = sourcecode.swift; path = BufferedLogRecorder.swift; sourceTree = "<group>"; };
		3B2AFD561E579E7100C115F7 /* KeyedMessageBufferExtension.swift */ = {isa = PBXFileReference; fileEncoding = 4; lastKnownFileType = sourcecode.swift; name = KeyedMessageBufferExtension.swift; path = CleanroomLoggerTests/KeyedMessageBufferExtension.swift; sourceTree = "<group>"; };
		3B2AFD591E579EEC00C115F7 /* LoggerTestCase.swift */ = {isa = PBXFileReference; fileEncoding = 4; lastKnownFileType = sourcecode.swift; name = LoggerTestCase.swift; path = CleanroomLoggerTests/LoggerTestCase.swift; sourceTree = "<group>"; };
		3B475D001DB47B8A0047D397 /* BasicLogConfiguration.swift */ = {isa = PBXFileReference; fileEncoding = 4; lastKnownFileType = sourcecode.swift; path = BasicLogConfiguration.swift; sourceTree = "<group>"; };
		3B475D011DB47B8A0047D397 /* CallingThreadLogFormatter.swift */ = {isa = PBXFileReference; fileEncoding = 4; lastKnownFileType = sourcecode.swift; path = CallingThreadLogFormatter.swift; sourceTree = "<group>"; };
		3B475D021DB47B8A0047D397 /* CallSiteLogFormatter.swift */ = {isa = PBXFileReference; fileEncoding = 4; lastKnownFileType = sourcecode.swift; path = CallSiteLogFormatter.swift; sourceTree = "<group>"; };
		3B475D061DB47B8A0047D397 /* ConcatenatingLogFormatter.swift */ = {isa = PBXFileReference; fileEncoding = 4; lastKnownFileType = sourcecode.swift; path = ConcatenatingLogFormatter.swift; sourceTree = "<group>"; };
		3B475D081DB47B8A0047D397 /* DelimiterLogFormatter.swift */ = {isa = PBXFileReference; fileEncoding = 4; lastKnownFileType = sourcecode.swift; path = DelimiterLogFormatter.swift; sourceTree = "<group>"; };
		3B475D091DB47B8A0047D397 /* FieldBasedLogFormatter.swift */ = {isa = PBXFileReference; fileEncoding = 4; lastKnownFileType = sourcecode.swift; path = FieldBasedLogFormatter.swift; sourceTree = "<group>"; };
		3B475D0A1DB47B8A0047D397 /* FileLogRecorder.swift */ = {isa = PBXFileReference; fileEncoding = 4; lastKnownFileType = sourcecode.swift; path = FileLogRecorder.swift; sourceTree = "<group>"; };
		3B475D0B1DB47B8A0047D397 /* LiteralLogFormatter.swift */ = {isa = PBXFileReference; fileEncoding = 4; lastKnownFileType = sourcecode.swift; path = LiteralLogFormatter.swift; sourceTree = "<group>"; };
		3B475D0C1DB47B8A0047D397 /* Log.swift */ = {isa = PBXFileReference; fileEncoding = 4; lastKnownFileType = sourcecode.swift; path = Log.swift; sourceTree = "<group>"; };
		3B475D0D1DB47B8A0047D397 /* LogChannel.swift */ = {isa = PBXFileReference; fileEncoding = 4; lastKnownFileType = sourcecode.swift; path = LogChannel.swift; sourceTree = "<group>"; };
		3B475D0E1DB47B8A0047D397 /* LogConfiguration.swift */ = {isa = PBXFileReference; fileEncoding = 4; lastKnownFileType = sourcecode.swift; path = LogConfiguration.swift; sourceTree = "<group>"; };
		3B475D0F1DB47B8A0047D397 /* LogEntry.swift */ = {isa = PBXFileReference; fileEncoding = 4; lastKnownFileType = sourcecode.swift; path = LogEntry.swift; sourceTree = "<group>"; };
		3B475D101DB47B8A0047D397 /* LogFilter.swift */ = {isa = PBXFileReference; fileEncoding = 4; lastKnownFileType = sourcecode.swift; path = LogFilter.swift; sourceTree = "<group>"; };
		3B475D111DB47B8A0047D397 /* LogFormatter.swift */ = {isa = PBXFileReference; fileEncoding = 4; lastKnownFileType = sourcecode.swift; path = LogFormatter.swift; sourceTree = "<group>"; };
		3B475D121DB47B8A0047D397 /* LogReceptacle.swift */ = {isa = PBXFileReference; fileEncoding = 4; lastKnownFileType = sourcecode.swift; path = LogReceptacle.swift; sourceTree = "<group>"; };
		3B475D131DB47B8A0047D397 /* LogRecorder.swift */ = {isa = PBXFileReference; fileEncoding = 4; lastKnownFileType = sourcecode.swift; path = LogRecorder.swift; sourceTree = "<group>"; };
		3B475D141DB47B8A0047D397 /* LogRecorderBase.swift */ = {isa = PBXFileReference; fileEncoding = 4; lastKnownFileType = sourcecode.swift; path = LogRecorderBase.swift; sourceTree = "<group>"; };
		3B475D151DB47B8A0047D397 /* LogSeverity.swift */ = {isa = PBXFileReference; fileEncoding = 4; lastKnownFileType = sourcecode.swift; path = LogSeverity.swift; sourceTree = "<group>"; };
		3B475D161DB47B8A0047D397 /* ParsableLogFormatter.swift */ = {isa = PBXFileReference; fileEncoding = 4; lastKnownFileType = sourcecode.swift; path = ParsableLogFormatter.swift; sourceTree = "<group>"; };
		3B475D171DB47B8A0047D397 /* PayloadLogFormatter.swift */ = {isa = PBXFileReference; fileEncoding = 4; lastKnownFileType = sourcecode.swift; path = PayloadLogFormatter.swift; sourceTree = "<group>"; };
		3B475D181DB47B8A0047D397 /* ReadableLogFormatter.swift */ = {isa = PBXFileReference; fileEncoding = 4; lastKnownFileType = sourcecode.swift; path = ReadableLogFormatter.swift; sourceTree = "<group>"; };
		3B475D1B1DB47B8A0047D397 /* RotatingLogFileConfiguration.swift */ = {isa = PBXFileReference; fileEncoding = 4; lastKnownFileType = sourcecode.swift; path = RotatingLogFileConfiguration.swift; sourceTree = "<group>"; };
		3B475D1C1DB47B8A0047D397 /* RotatingLogFileRecorder.swift */ = {isa = PBXFileReference; fileEncoding = 4; lastKnownFileType = sourcecode.swift; path = RotatingLogFileRecorder.swift; sourceTree = "<group>"; };
		3B475D1D1DB47B8A0047D397 /* SeverityLogFormatter.swift */ = {isa = PBXFileReference; fileEncoding = 4; lastKnownFileType = sourcecode.swift; path = SeverityLogFormatter.swift; sourceTree = "<group>"; };
		3B475D1E1DB47B8A0047D397 /* StackFrameLogFormatter.swift */ = {isa = PBXFileReference; fileEncoding = 4; lastKnownFileType = sourcecode.swift; path = StackFrameLogFormatter.swift; sourceTree = "<group>"; };
		3B475D1F1DB47B8A0047D397 /* StandardLogFormatter.swift */ = {isa = PBXFileReference; fileEncoding = 4; lastKnownFileType = sourcecode.swift; path = StandardLogFormatter.swift; sourceTree = "<group>"; };
		3B475D201DB47B8A0047D397 /* StandardOutputLogRecorder.swift */ = {isa = PBXFileReference; fileEncoding = 4; lastKnownFileType = sourcecode.swift; path = StandardOutputLogRecorder.swift; sourceTree = "<group>"; };
		3B475D221DB47B8A0047D397 /* TimestampLogFormatter.swift */ = {isa = PBXFileReference; fileEncoding = 4; lastKnownFileType = sourcecode.swift; path = TimestampLogFormatter.swift; sourceTree = "<group>"; };
		3B475D241DB47B8A0047D397 /* XcodeLogConfiguration.swift */ = {isa = PBXFileReference; fileEncoding = 4; lastKnownFileType = sourcecode.swift; path = XcodeLogConfiguration.swift; sourceTree = "<group>"; };
		3B475D251DB47B8A0047D397 /* XcodeLogFormatter.swift */ = {isa = PBXFileReference; fileEncoding = 4; lastKnownFileType = sourcecode.swift; path = XcodeLogFormatter.swift; sourceTree = "<group>"; };
		3B4EE34F1E1AEB3A002A92BC /* OSLogRecorder.swift */ = {isa = PBXFileReference; fileEncoding = 4; lastKnownFileType = sourcecode.swift; path = OSLogRecorder.swift; sourceTree = "<group>"; };
		3B4EE3511E1AEF49002A92BC /* OSLogTypeTranslator.swift */ = {isa = PBXFileReference; fileEncoding = 4; lastKnownFileType = sourcecode.swift; path = OSLogTypeTranslator.swift; sourceTree = "<group>"; };
		3B4EE3551E1BED6D002A92BC /* XcodeTraceLogFormatter.swift */ = {isa = PBXFileReference; fileEncoding = 4; lastKnownFileType = sourcecode.swift; path = XcodeTraceLogFormatter.swift; sourceTree = "<group>"; };
		3B4EE3571E1C0404002A92BC /* ConsoleLogConfiguration.swift */ = {isa = PBXFileReference; fileEncoding = 4; lastKnownFileType = sourcecode.swift; path = ConsoleLogConfiguration.swift; sourceTree = "<group>"; };
		3B4EE35B1E1C2A08002A92BC /* OSLogMimicFormatter.swift */ = {isa = PBXFileReference; fileEncoding = 4; lastKnownFileType = sourcecode.swift; path = OSLogMimicFormatter.swift; sourceTree = "<group>"; };
		3B4EE35D1E1C3DFB002A92BC /* ProcessNameLogFormatter.swift */ = {isa = PBXFileReference; fileEncoding = 4; lastKnownFileType = sourcecode.swift; path = ProcessNameLogFormatter.swift; sourceTree = "<group>"; };
		3B4EE35F1E1C3E84002A92BC /* ProcessIDLogFormatter.swift */ = {isa = PBXFileReference; fileEncoding = 4; lastKnownFileType = sourcecode.swift; path = ProcessIDLogFormatter.swift; sourceTree = "<group>"; };
		3B9059031DAECB5200B4EEC0 /* CleanroomLogger.framework */ = {isa = PBXFileReference; explicitFileType = wrapper.framework; includeInIndex = 0; path = CleanroomLogger.framework; sourceTree = BUILT_PRODUCTS_DIR; };
		3B90590C1DAECB5200B4EEC0 /* CleanroomLoggerUnitTests.xctest */ = {isa = PBXFileReference; explicitFileType = wrapper.cfbundle; includeInIndex = 0; path = CleanroomLoggerUnitTests.xctest; sourceTree = BUILT_PRODUCTS_DIR; };
		3B9059251DAECB9E00B4EEC0 /* Debug.xcconfig */ = {isa = PBXFileReference; lastKnownFileType = text.xcconfig; path = Debug.xcconfig; sourceTree = "<group>"; };
		3B9059261DAECB9E00B4EEC0 /* Framework.xcconfig */ = {isa = PBXFileReference; lastKnownFileType = text.xcconfig; path = Framework.xcconfig; sourceTree = "<group>"; };
		3B9059271DAECB9E00B4EEC0 /* Project.xcconfig */ = {isa = PBXFileReference; lastKnownFileType = text.xcconfig; path = Project.xcconfig; sourceTree = "<group>"; };
		3B9059281DAECB9E00B4EEC0 /* Release.xcconfig */ = {isa = PBXFileReference; lastKnownFileType = text.xcconfig; path = Release.xcconfig; sourceTree = "<group>"; };
		3B9059291DAECB9E00B4EEC0 /* Tests.xcconfig */ = {isa = PBXFileReference; lastKnownFileType = text.xcconfig; path = Tests.xcconfig; sourceTree = "<group>"; };
		3B90592B1DAECD9800B4EEC0 /* Info-Framework.plist */ = {isa = PBXFileReference; lastKnownFileType = text.plist.xml; path = "Info-Framework.plist"; sourceTree = "<group>"; };
		3B90592C1DAECD9800B4EEC0 /* Info-Tests.plist */ = {isa = PBXFileReference; lastKnownFileType = text.plist.xml; path = "Info-Tests.plist"; sourceTree = "<group>"; };
/* End PBXFileReference section */

/* Begin PBXFrameworksBuildPhase section */
		3B9058FF1DAECB5200B4EEC0 /* Frameworks */ = {
			isa = PBXFrameworksBuildPhase;
			buildActionMask = 2147483647;
			files = (
			);
			runOnlyForDeploymentPostprocessing = 0;
		};
		3B9059091DAECB5200B4EEC0 /* Frameworks */ = {
			isa = PBXFrameworksBuildPhase;
			buildActionMask = 2147483647;
			files = (
				3B90590D1DAECB5200B4EEC0 /* CleanroomLogger.framework in Frameworks */,
			);
			runOnlyForDeploymentPostprocessing = 0;
		};
/* End PBXFrameworksBuildPhase section */

/* Begin PBXGroup section */
		3B475CFE1DB47B8A0047D397 /* Sources */ = {
			isa = PBXGroup;
			children = (
				3B475D001DB47B8A0047D397 /* BasicLogConfiguration.swift */,
				3B2AFD541E562EEB00C115F7 /* BufferedLogRecorder.swift */,
				3B475D011DB47B8A0047D397 /* CallingThreadLogFormatter.swift */,
				3B475D021DB47B8A0047D397 /* CallSiteLogFormatter.swift */,
				3B475D061DB47B8A0047D397 /* ConcatenatingLogFormatter.swift */,
				3B4EE3571E1C0404002A92BC /* ConsoleLogConfiguration.swift */,
				3B475D081DB47B8A0047D397 /* DelimiterLogFormatter.swift */,
				3B475D091DB47B8A0047D397 /* FieldBasedLogFormatter.swift */,
				3B475D0A1DB47B8A0047D397 /* FileLogRecorder.swift */,
				3B475D0B1DB47B8A0047D397 /* LiteralLogFormatter.swift */,
				3B475D0C1DB47B8A0047D397 /* Log.swift */,
				3B475D0D1DB47B8A0047D397 /* LogChannel.swift */,
				3B475D0E1DB47B8A0047D397 /* LogConfiguration.swift */,
				3B475D0F1DB47B8A0047D397 /* LogEntry.swift */,
				3B475D101DB47B8A0047D397 /* LogFilter.swift */,
				3B475D111DB47B8A0047D397 /* LogFormatter.swift */,
				3B475D121DB47B8A0047D397 /* LogReceptacle.swift */,
				3B475D131DB47B8A0047D397 /* LogRecorder.swift */,
				3B475D141DB47B8A0047D397 /* LogRecorderBase.swift */,
				3B475D151DB47B8A0047D397 /* LogSeverity.swift */,
				3B4EE35B1E1C2A08002A92BC /* OSLogMimicFormatter.swift */,
				3B4EE34F1E1AEB3A002A92BC /* OSLogRecorder.swift */,
				3B4EE3511E1AEF49002A92BC /* OSLogTypeTranslator.swift */,
				3B2811461E1D63D300878EC2 /* OutputStreamLogRecorder.swift */,
				3B475D161DB47B8A0047D397 /* ParsableLogFormatter.swift */,
				3B475D171DB47B8A0047D397 /* PayloadLogFormatter.swift */,
				3B1712681E20A66000682E89 /* PayloadMessageLogFormatter.swift */,
				3B1712661E20A50600682E89 /* PayloadTraceLogFormatter.swift */,
				3B17126A1E20A7AB00682E89 /* PayloadValueLogFormatter.swift */,
				3B4EE35F1E1C3E84002A92BC /* ProcessIDLogFormatter.swift */,
				3B4EE35D1E1C3DFB002A92BC /* ProcessNameLogFormatter.swift */,
				3B475D181DB47B8A0047D397 /* ReadableLogFormatter.swift */,
				3B475D1B1DB47B8A0047D397 /* RotatingLogFileConfiguration.swift */,
				3B475D1C1DB47B8A0047D397 /* RotatingLogFileRecorder.swift */,
				3B475D1D1DB47B8A0047D397 /* SeverityLogFormatter.swift */,
				3B475D1E1DB47B8A0047D397 /* StackFrameLogFormatter.swift */,
				3B2811481E1D65E100878EC2 /* StandardErrorLogRecorder.swift */,
				3B475D1F1DB47B8A0047D397 /* StandardLogFormatter.swift */,
				3B475D201DB47B8A0047D397 /* StandardOutputLogRecorder.swift */,
				3B28114A1E1D66D700878EC2 /* StandardStreamsLogRecorder.swift */,
				3B475D221DB47B8A0047D397 /* TimestampLogFormatter.swift */,
				3B475D241DB47B8A0047D397 /* XcodeLogConfiguration.swift */,
				3B475D251DB47B8A0047D397 /* XcodeLogFormatter.swift */,
				3B4EE3551E1BED6D002A92BC /* XcodeTraceLogFormatter.swift */,
			);
			path = Sources;
			sourceTree = "<group>";
		};
		3B475D4D1DB47BD50047D397 /* Tests */ = {
			isa = PBXGroup;
			children = (
				3B2AFD561E579E7100C115F7 /* KeyedMessageBufferExtension.swift */,
				3B25B1171E3EF7FA001FD668 /* LogEntryTests.swift */,
				3B2AFD591E579EEC00C115F7 /* LoggerTestCase.swift */,
				3B25B1181E3EF7FA001FD668 /* LogSeverityComparisonTests.swift */,
			);
			path = Tests;
			sourceTree = "<group>";
		};
		3B9058F91DAECB5200B4EEC0 = {
			isa = PBXGroup;
			children = (
				3B475CFE1DB47B8A0047D397 /* Sources */,
				3B90591D1DAECB9E00B4EEC0 /* BuildControl */,
				3B475D4D1DB47BD50047D397 /* Tests */,
				3B9059041DAECB5200B4EEC0 /* Products */,
			);
			sourceTree = "<group>";
		};
		3B9059041DAECB5200B4EEC0 /* Products */ = {
			isa = PBXGroup;
			children = (
				3B9059031DAECB5200B4EEC0 /* CleanroomLogger.framework */,
				3B90590C1DAECB5200B4EEC0 /* CleanroomLoggerUnitTests.xctest */,
			);
			name = Products;
			sourceTree = "<group>";
		};
		3B90591D1DAECB9E00B4EEC0 /* BuildControl */ = {
			isa = PBXGroup;
			children = (
				3B9059241DAECB9E00B4EEC0 /* config */,
				3B90592B1DAECD9800B4EEC0 /* Info-Framework.plist */,
				3B90592C1DAECD9800B4EEC0 /* Info-Tests.plist */,
			);
			path = BuildControl;
			sourceTree = "<group>";
		};
		3B9059241DAECB9E00B4EEC0 /* config */ = {
			isa = PBXGroup;
			children = (
				3B9059251DAECB9E00B4EEC0 /* Debug.xcconfig */,
				3B9059261DAECB9E00B4EEC0 /* Framework.xcconfig */,
				3B9059271DAECB9E00B4EEC0 /* Project.xcconfig */,
				3B9059281DAECB9E00B4EEC0 /* Release.xcconfig */,
				3B9059291DAECB9E00B4EEC0 /* Tests.xcconfig */,
			);
			path = config;
			sourceTree = "<group>";
		};
/* End PBXGroup section */

/* Begin PBXHeadersBuildPhase section */
		3B9059001DAECB5200B4EEC0 /* Headers */ = {
			isa = PBXHeadersBuildPhase;
			buildActionMask = 2147483647;
			files = (
			);
			runOnlyForDeploymentPostprocessing = 0;
		};
/* End PBXHeadersBuildPhase section */

/* Begin PBXNativeTarget section */
		3B9059021DAECB5200B4EEC0 /* CleanroomLogger */ = {
			isa = PBXNativeTarget;
			buildConfigurationList = 3B9059171DAECB5200B4EEC0 /* Build configuration list for PBXNativeTarget "CleanroomLogger" */;
			buildPhases = (
				3B9058FE1DAECB5200B4EEC0 /* Sources */,
				3B9058FF1DAECB5200B4EEC0 /* Frameworks */,
				3B9059001DAECB5200B4EEC0 /* Headers */,
				3B9059011DAECB5200B4EEC0 /* Resources */,
			);
			buildRules = (
			);
			dependencies = (
			);
			name = CleanroomLogger;
			productName = CleanroomLogger;
			productReference = 3B9059031DAECB5200B4EEC0 /* CleanroomLogger.framework */;
			productType = "com.apple.product-type.framework";
		};
		3B90590B1DAECB5200B4EEC0 /* CleanroomLoggerTests */ = {
			isa = PBXNativeTarget;
			buildConfigurationList = 3B90591A1DAECB5200B4EEC0 /* Build configuration list for PBXNativeTarget "CleanroomLoggerTests" */;
			buildPhases = (
				3B9059081DAECB5200B4EEC0 /* Sources */,
				3B9059091DAECB5200B4EEC0 /* Frameworks */,
				3B90590A1DAECB5200B4EEC0 /* Resources */,
			);
			buildRules = (
			);
			dependencies = (
				3B90590F1DAECB5200B4EEC0 /* PBXTargetDependency */,
			);
			name = CleanroomLoggerTests;
			productName = CleanroomLoggerTests;
			productReference = 3B90590C1DAECB5200B4EEC0 /* CleanroomLoggerUnitTests.xctest */;
			productType = "com.apple.product-type.bundle.unit-test";
		};
/* End PBXNativeTarget section */

/* Begin PBXProject section */
		3B9058FA1DAECB5200B4EEC0 /* Project object */ = {
			isa = PBXProject;
			attributes = {
				LastSwiftUpdateCheck = 0800;
				LastUpgradeCheck = 0820;
				ORGANIZATIONNAME = "Gilt Groupe";
				TargetAttributes = {
					3B9059021DAECB5200B4EEC0 = {
						CreatedOnToolsVersion = 8.0;
						DevelopmentTeam = MTP6A36P8K;
						ProvisioningStyle = Automatic;
					};
					3B90590B1DAECB5200B4EEC0 = {
						CreatedOnToolsVersion = 8.0;
						DevelopmentTeam = MTP6A36P8K;
						LastSwiftMigration = 0820;
						ProvisioningStyle = Automatic;
					};
				};
			};
			buildConfigurationList = 3B9058FD1DAECB5200B4EEC0 /* Build configuration list for PBXProject "CleanroomLogger" */;
			compatibilityVersion = "Xcode 3.2";
			developmentRegion = English;
			hasScannedForEncodings = 0;
			knownRegions = (
				en,
			);
			mainGroup = 3B9058F91DAECB5200B4EEC0;
			productRefGroup = 3B9059041DAECB5200B4EEC0 /* Products */;
			projectDirPath = "";
			projectRoot = "";
			targets = (
				3B9059021DAECB5200B4EEC0 /* CleanroomLogger */,
				3B90590B1DAECB5200B4EEC0 /* CleanroomLoggerTests */,
			);
		};
/* End PBXProject section */

/* Begin PBXResourcesBuildPhase section */
		3B9059011DAECB5200B4EEC0 /* Resources */ = {
			isa = PBXResourcesBuildPhase;
			buildActionMask = 2147483647;
			files = (
			);
			runOnlyForDeploymentPostprocessing = 0;
		};
		3B90590A1DAECB5200B4EEC0 /* Resources */ = {
			isa = PBXResourcesBuildPhase;
			buildActionMask = 2147483647;
			files = (
			);
			runOnlyForDeploymentPostprocessing = 0;
		};
/* End PBXResourcesBuildPhase section */

/* Begin PBXSourcesBuildPhase section */
		3B9058FE1DAECB5200B4EEC0 /* Sources */ = {
			isa = PBXSourcesBuildPhase;
			buildActionMask = 2147483647;
			files = (
				3B475D441DB47B8A0047D397 /* SeverityLogFormatter.swift in Sources */,
				3B475D291DB47B8A0047D397 /* CallSiteLogFormatter.swift in Sources */,
				3B475D341DB47B8A0047D397 /* LogChannel.swift in Sources */,
				3B475D3C1DB47B8A0047D397 /* LogSeverity.swift in Sources */,
				3B4EE35E1E1C3DFB002A92BC /* ProcessNameLogFormatter.swift in Sources */,
				3B475D371DB47B8A0047D397 /* LogFilter.swift in Sources */,
				3B4EE3501E1AEB3A002A92BC /* OSLogRecorder.swift in Sources */,
				3B475D281DB47B8A0047D397 /* CallingThreadLogFormatter.swift in Sources */,
				3B475D491DB47B8A0047D397 /* TimestampLogFormatter.swift in Sources */,
				3B475D3F1DB47B8A0047D397 /* ReadableLogFormatter.swift in Sources */,
				3B4EE3561E1BED6D002A92BC /* XcodeTraceLogFormatter.swift in Sources */,
				3B17126B1E20A7AB00682E89 /* PayloadValueLogFormatter.swift in Sources */,
				3B475D4B1DB47B8A0047D397 /* XcodeLogConfiguration.swift in Sources */,
				3B1712671E20A50600682E89 /* PayloadTraceLogFormatter.swift in Sources */,
				3B4EE3521E1AEF49002A92BC /* OSLogTypeTranslator.swift in Sources */,
				3B475D431DB47B8A0047D397 /* RotatingLogFileRecorder.swift in Sources */,
				3B475D471DB47B8A0047D397 /* StandardOutputLogRecorder.swift in Sources */,
				3B475D421DB47B8A0047D397 /* RotatingLogFileConfiguration.swift in Sources */,
				3B4EE35C1E1C2A08002A92BC /* OSLogMimicFormatter.swift in Sources */,
				3B2811471E1D63D300878EC2 /* OutputStreamLogRecorder.swift in Sources */,
				3B475D3E1DB47B8A0047D397 /* PayloadLogFormatter.swift in Sources */,
				3B475D271DB47B8A0047D397 /* BasicLogConfiguration.swift in Sources */,
				3B2AFD551E562EEB00C115F7 /* BufferedLogRecorder.swift in Sources */,
				3B475D311DB47B8A0047D397 /* FileLogRecorder.swift in Sources */,
				3B475D331DB47B8A0047D397 /* Log.swift in Sources */,
				3B475D301DB47B8A0047D397 /* FieldBasedLogFormatter.swift in Sources */,
				3B475D391DB47B8A0047D397 /* LogReceptacle.swift in Sources */,
				3B475D351DB47B8A0047D397 /* LogConfiguration.swift in Sources */,
				3B475D381DB47B8A0047D397 /* LogFormatter.swift in Sources */,
				3B475D2D1DB47B8A0047D397 /* ConcatenatingLogFormatter.swift in Sources */,
				3B4EE3581E1C0404002A92BC /* ConsoleLogConfiguration.swift in Sources */,
				3B475D451DB47B8A0047D397 /* StackFrameLogFormatter.swift in Sources */,
				3B475D3A1DB47B8A0047D397 /* LogRecorder.swift in Sources */,
				3B28114B1E1D66D700878EC2 /* StandardStreamsLogRecorder.swift in Sources */,
				3B4EE3601E1C3E84002A92BC /* ProcessIDLogFormatter.swift in Sources */,
				3B475D321DB47B8A0047D397 /* LiteralLogFormatter.swift in Sources */,
				3B475D3B1DB47B8A0047D397 /* LogRecorderBase.swift in Sources */,
				3B2811491E1D65E100878EC2 /* StandardErrorLogRecorder.swift in Sources */,
				3B1712691E20A66000682E89 /* PayloadMessageLogFormatter.swift in Sources */,
				3B475D461DB47B8A0047D397 /* StandardLogFormatter.swift in Sources */,
				3B475D3D1DB47B8A0047D397 /* ParsableLogFormatter.swift in Sources */,
				3B475D4C1DB47B8A0047D397 /* XcodeLogFormatter.swift in Sources */,
				3B475D2F1DB47B8A0047D397 /* DelimiterLogFormatter.swift in Sources */,
				3B475D361DB47B8A0047D397 /* LogEntry.swift in Sources */,
			);
			runOnlyForDeploymentPostprocessing = 0;
		};
		3B9059081DAECB5200B4EEC0 /* Sources */ = {
			isa = PBXSourcesBuildPhase;
			buildActionMask = 2147483647;
			files = (
				3B25B1191E3EF7FA001FD668 /* LogEntryTests.swift in Sources */,
				3B2AFD581E579E9500C115F7 /* KeyedMessageBufferExtension.swift in Sources */,
				3B25B11A1E3EF7FA001FD668 /* LogSeverityComparisonTests.swift in Sources */,
				3B2AFD5A1E579EEC00C115F7 /* LoggerTestCase.swift in Sources */,
			);
			runOnlyForDeploymentPostprocessing = 0;
		};
/* End PBXSourcesBuildPhase section */

/* Begin PBXTargetDependency section */
		3B90590F1DAECB5200B4EEC0 /* PBXTargetDependency */ = {
			isa = PBXTargetDependency;
			target = 3B9059021DAECB5200B4EEC0 /* CleanroomLogger */;
			targetProxy = 3B90590E1DAECB5200B4EEC0 /* PBXContainerItemProxy */;
		};
/* End PBXTargetDependency section */

/* Begin XCBuildConfiguration section */
		3B9059151DAECB5200B4EEC0 /* Debug */ = {
			isa = XCBuildConfiguration;
			baseConfigurationReference = 3B9059271DAECB9E00B4EEC0 /* Project.xcconfig */;
			buildSettings = {
				ALWAYS_SEARCH_USER_PATHS = NO;
				CLANG_ANALYZER_NONNULL = YES;
				CLANG_CXX_LANGUAGE_STANDARD = "gnu++0x";
				CLANG_CXX_LIBRARY = "libc++";
				CLANG_ENABLE_MODULES = YES;
				CLANG_ENABLE_OBJC_ARC = YES;
				CLANG_WARN_BOOL_CONVERSION = YES;
				CLANG_WARN_CONSTANT_CONVERSION = YES;
				CLANG_WARN_DIRECT_OBJC_ISA_USAGE = YES_ERROR;
				CLANG_WARN_DOCUMENTATION_COMMENTS = YES;
				CLANG_WARN_EMPTY_BODY = YES;
				CLANG_WARN_ENUM_CONVERSION = YES;
				CLANG_WARN_INFINITE_RECURSION = YES;
				CLANG_WARN_INT_CONVERSION = YES;
				CLANG_WARN_OBJC_ROOT_CLASS = YES_ERROR;
				CLANG_WARN_SUSPICIOUS_MOVE = YES;
				CLANG_WARN_SUSPICIOUS_MOVES = YES;
				CLANG_WARN_UNREACHABLE_CODE = YES;
				CLANG_WARN__DUPLICATE_METHOD_MATCH = YES;
				COPY_PHASE_STRIP = NO;
				CURRENT_PROJECT_VERSION = 30;
				DEBUG_INFORMATION_FORMAT = dwarf;
				ENABLE_STRICT_OBJC_MSGSEND = YES;
				ENABLE_TESTABILITY = YES;
				GCC_C_LANGUAGE_STANDARD = gnu99;
				GCC_DYNAMIC_NO_PIC = NO;
				GCC_NO_COMMON_BLOCKS = YES;
				GCC_OPTIMIZATION_LEVEL = 0;
				GCC_PREPROCESSOR_DEFINITIONS = (
					"DEBUG=1",
					"$(inherited)",
				);
				GCC_WARN_64_TO_32_BIT_CONVERSION = YES;
				GCC_WARN_ABOUT_RETURN_TYPE = YES_ERROR;
				GCC_WARN_UNDECLARED_SELECTOR = YES;
				GCC_WARN_UNINITIALIZED_AUTOS = YES_AGGRESSIVE;
				GCC_WARN_UNUSED_FUNCTION = YES;
				GCC_WARN_UNUSED_VARIABLE = YES;
				MTL_ENABLE_DEBUG_INFO = YES;
				ONLY_ACTIVE_ARCH = YES;
				SWIFT_ACTIVE_COMPILATION_CONDITIONS = DEBUG;
				SWIFT_OPTIMIZATION_LEVEL = "-Onone";
				VERSIONING_SYSTEM = "apple-generic";
				VERSION_INFO_PREFIX = "";
			};
			name = Debug;
		};
		3B9059161DAECB5200B4EEC0 /* Release */ = {
			isa = XCBuildConfiguration;
			baseConfigurationReference = 3B9059271DAECB9E00B4EEC0 /* Project.xcconfig */;
			buildSettings = {
				ALWAYS_SEARCH_USER_PATHS = NO;
				CLANG_ANALYZER_NONNULL = YES;
				CLANG_CXX_LANGUAGE_STANDARD = "gnu++0x";
				CLANG_CXX_LIBRARY = "libc++";
				CLANG_ENABLE_MODULES = YES;
				CLANG_ENABLE_OBJC_ARC = YES;
				CLANG_WARN_BOOL_CONVERSION = YES;
				CLANG_WARN_CONSTANT_CONVERSION = YES;
				CLANG_WARN_DIRECT_OBJC_ISA_USAGE = YES_ERROR;
				CLANG_WARN_DOCUMENTATION_COMMENTS = YES;
				CLANG_WARN_EMPTY_BODY = YES;
				CLANG_WARN_ENUM_CONVERSION = YES;
				CLANG_WARN_INFINITE_RECURSION = YES;
				CLANG_WARN_INT_CONVERSION = YES;
				CLANG_WARN_OBJC_ROOT_CLASS = YES_ERROR;
				CLANG_WARN_SUSPICIOUS_MOVE = YES;
				CLANG_WARN_SUSPICIOUS_MOVES = YES;
				CLANG_WARN_UNREACHABLE_CODE = YES;
				CLANG_WARN__DUPLICATE_METHOD_MATCH = YES;
				COPY_PHASE_STRIP = NO;
				CURRENT_PROJECT_VERSION = 30;
				DEBUG_INFORMATION_FORMAT = "dwarf-with-dsym";
				ENABLE_NS_ASSERTIONS = NO;
				ENABLE_STRICT_OBJC_MSGSEND = YES;
				GCC_C_LANGUAGE_STANDARD = gnu99;
				GCC_NO_COMMON_BLOCKS = YES;
				GCC_WARN_64_TO_32_BIT_CONVERSION = YES;
				GCC_WARN_ABOUT_RETURN_TYPE = YES_ERROR;
				GCC_WARN_UNDECLARED_SELECTOR = YES;
				GCC_WARN_UNINITIALIZED_AUTOS = YES_AGGRESSIVE;
				GCC_WARN_UNUSED_FUNCTION = YES;
				GCC_WARN_UNUSED_VARIABLE = YES;
				MTL_ENABLE_DEBUG_INFO = NO;
				SWIFT_OPTIMIZATION_LEVEL = "-Owholemodule";
				VALIDATE_PRODUCT = YES;
				VERSIONING_SYSTEM = "apple-generic";
				VERSION_INFO_PREFIX = "";
			};
			name = Release;
		};
		3B9059181DAECB5200B4EEC0 /* Debug */ = {
			isa = XCBuildConfiguration;
			baseConfigurationReference = 3B9059251DAECB9E00B4EEC0 /* Debug.xcconfig */;
			buildSettings = {
				DEFINES_MODULE = YES;
				DYLIB_COMPATIBILITY_VERSION = 1;
				DYLIB_CURRENT_VERSION = 30;
				DYLIB_INSTALL_NAME_BASE = "@rpath";
				INSTALL_PATH = "$(LOCAL_LIBRARY_DIR)/Frameworks";
				SKIP_INSTALL = YES;
				SWIFT_VERSION = 3.0;
			};
			name = Debug;
		};
		3B9059191DAECB5200B4EEC0 /* Release */ = {
			isa = XCBuildConfiguration;
			baseConfigurationReference = 3B9059281DAECB9E00B4EEC0 /* Release.xcconfig */;
			buildSettings = {
				DEFINES_MODULE = YES;
				DYLIB_COMPATIBILITY_VERSION = 1;
				DYLIB_CURRENT_VERSION = 30;
				DYLIB_INSTALL_NAME_BASE = "@rpath";
				INSTALL_PATH = "$(LOCAL_LIBRARY_DIR)/Frameworks";
				SKIP_INSTALL = YES;
				SWIFT_VERSION = 3.0;
			};
			name = Release;
		};
		3B90591B1DAECB5200B4EEC0 /* Debug */ = {
			isa = XCBuildConfiguration;
			baseConfigurationReference = 3B9059291DAECB9E00B4EEC0 /* Tests.xcconfig */;
			buildSettings = {
				ALWAYS_EMBED_SWIFT_STANDARD_LIBRARIES = YES;
				CLANG_ENABLE_MODULES = YES;
				LD_RUNPATH_SEARCH_PATHS = "$(inherited) @executable_path/Frameworks @loader_path/Frameworks";
				SWIFT_OPTIMIZATION_LEVEL = "-Onone";
				SWIFT_VERSION = 3.0;
			};
			name = Debug;
		};
		3B90591C1DAECB5200B4EEC0 /* Release */ = {
			isa = XCBuildConfiguration;
			baseConfigurationReference = 3B9059291DAECB9E00B4EEC0 /* Tests.xcconfig */;
			buildSettings = {
				ALWAYS_EMBED_SWIFT_STANDARD_LIBRARIES = YES;
				CLANG_ENABLE_MODULES = YES;
				LD_RUNPATH_SEARCH_PATHS = "$(inherited) @executable_path/Frameworks @loader_path/Frameworks";
				SWIFT_OPTIMIZATION_LEVEL = "-Owholemodule";
				SWIFT_VERSION = 3.0;
			};
			name = Release;
		};
/* End XCBuildConfiguration section */

/* Begin XCConfigurationList section */
		3B9058FD1DAECB5200B4EEC0 /* Build configuration list for PBXProject "CleanroomLogger" */ = {
			isa = XCConfigurationList;
			buildConfigurations = (
				3B9059151DAECB5200B4EEC0 /* Debug */,
				3B9059161DAECB5200B4EEC0 /* Release */,
			);
			defaultConfigurationIsVisible = 0;
			defaultConfigurationName = Release;
		};
		3B9059171DAECB5200B4EEC0 /* Build configuration list for PBXNativeTarget "CleanroomLogger" */ = {
			isa = XCConfigurationList;
			buildConfigurations = (
				3B9059181DAECB5200B4EEC0 /* Debug */,
				3B9059191DAECB5200B4EEC0 /* Release */,
			);
			defaultConfigurationIsVisible = 0;
			defaultConfigurationName = Release;
		};
		3B90591A1DAECB5200B4EEC0 /* Build configuration list for PBXNativeTarget "CleanroomLoggerTests" */ = {
			isa = XCConfigurationList;
			buildConfigurations = (
				3B90591B1DAECB5200B4EEC0 /* Debug */,
				3B90591C1DAECB5200B4EEC0 /* Release */,
			);
			defaultConfigurationIsVisible = 0;
			defaultConfigurationName = Release;
		};
/* End XCConfigurationList section */
	};
	rootObject = 3B9058FA1DAECB5200B4EEC0 /* Project object */;
}
